
Microsoft Visual Studio Solution File, Format Version 12.00
Project("{FAE04EC0-301F-11D3-BF4B-00C04F79EFBC}") = "LetsUniversity_Calebe", "LetsUniversity_Calebe.csproj", "{FF3E0BD8-D463-462C-B359-AB3B8B02CA78}"
EndProject
Global
	GlobalSection(SolutionConfigurationPlatforms) = preSolution
		Debug|Any CPU = Debug|Any CPU
		Release|Any CPU = Release|Any CPU
	EndGlobalSection
	GlobalSection(ProjectConfigurationPlatforms) = postSolution
		{FF3E0BD8-D463-462C-B359-AB3B8B02CA78}.Debug|Any CPU.ActiveCfg = Debug|Any CPU
		{FF3E0BD8-D463-462C-B359-AB3B8B02CA78}.Debug|Any CPU.Build.0 = Debug|Any CPU
		{FF3E0BD8-D463-462C-B359-AB3B8B02CA78}.Release|Any CPU.ActiveCfg = Release|Any CPU
		{FF3E0BD8-D463-462C-B359-AB3B8B02CA78}.Release|Any CPU.Build.0 = Release|Any CPU
	EndGlobalSection
EndGlobal
